
Microsoft Visual Studio Solution File, Format Version 12.00
# Visual Studio Version 17
VisualStudioVersion = 17.0.31903.59
MinimumVisualStudioVersion = 10.0.40219.1
Project("{FAE04EC0-301F-11D3-BF4B-00C04F79EFBC}") = "CleanArchitecture.Web", "CleanArchitecture.Web\CleanArchitecture.Web.csproj", "{5EF49C64-4530-4522-8F4D-F0F033F3E571}"
EndProject
Project("{FAE04EC0-301F-11D3-BF4B-00C04F79EFBC}") = "CleanArchitecture.DAL", "CleanArchitecture.DAL\CleanArchitecture.DAL.csproj", "{A4FDACDB-E6D6-4DE7-BB7C-20D8BE8C588B}"
EndProject
Project("{FAE04EC0-301F-11D3-BF4B-00C04F79EFBC}") = "CleanArchitecture.Database", "CleanArchitecture.Database\CleanArchitecture.Database.csproj", "{0C1E2BFB-9312-456B-89BD-0C02240DCA3D}"
EndProject
Project("{FAE04EC0-301F-11D3-BF4B-00C04F79EFBC}") = "CleanArchitecture.Domain", "CleanArchitecture.Domain\CleanArchitecture.Domain.csproj", "{59759699-DFFB-4BB5-9DB5-19630B4B42BA}"
EndProject
Project("{FAE04EC0-301F-11D3-BF4B-00C04F79EFBC}") = "CleanArchitecture.Infrastructure", "CleanArchitecture.Infrastructure\CleanArchitecture.Infrastructure.csproj", "{52CD2B81-8659-4006-96C3-360F54347D0E}"
EndProject
Project("{FAE04EC0-301F-11D3-BF4B-00C04F79EFBC}") = "CleanArchitecture.ServiceConsumer", "CleanArchitecture.ServiceConsumer\CleanArchitecture.ServiceConsumer.csproj", "{7996DAED-0D22-4A0D-AEC6-C530A50B2A2C}"
EndProject
Project("{FAE04EC0-301F-11D3-BF4B-00C04F79EFBC}") = "CleanArchitecture.Shared", "CleanArchitecture.Shared\CleanArchitecture.Shared.csproj", "{BC43FFA5-BDD5-4CFF-8BFD-CDFC1FE8F4E5}"
EndProject
Global
	GlobalSection(SolutionConfigurationPlatforms) = preSolution
		Debug|Any CPU = Debug|Any CPU
		Release|Any CPU = Release|Any CPU
	EndGlobalSection
	GlobalSection(ProjectConfigurationPlatforms) = postSolution
		{5EF49C64-4530-4522-8F4D-F0F033F3E571}.Debug|Any CPU.ActiveCfg = Debug|Any CPU
		{5EF49C64-4530-4522-8F4D-F0F033F3E571}.Debug|Any CPU.Build.0 = Debug|Any CPU
		{5EF49C64-4530-4522-8F4D-F0F033F3E571}.Release|Any CPU.ActiveCfg = Release|Any CPU
		{5EF49C64-4530-4522-8F4D-F0F033F3E571}.Release|Any CPU.Build.0 = Release|Any CPU
		{A4FDACDB-E6D6-4DE7-BB7C-20D8BE8C588B}.Debug|Any CPU.ActiveCfg = Debug|Any CPU
		{A4FDACDB-E6D6-4DE7-BB7C-20D8BE8C588B}.Debug|Any CPU.Build.0 = Debug|Any CPU
		{A4FDACDB-E6D6-4DE7-BB7C-20D8BE8C588B}.Release|Any CPU.ActiveCfg = Release|Any CPU
		{A4FDACDB-E6D6-4DE7-BB7C-20D8BE8C588B}.Release|Any CPU.Build.0 = Release|Any CPU
		{0C1E2BFB-9312-456B-89BD-0C02240DCA3D}.Debug|Any CPU.ActiveCfg = Debug|Any CPU
		{0C1E2BFB-9312-456B-89BD-0C02240DCA3D}.Debug|Any CPU.Build.0 = Debug|Any CPU
		{0C1E2BFB-9312-456B-89BD-0C02240DCA3D}.Release|Any CPU.ActiveCfg = Release|Any CPU
		{0C1E2BFB-9312-456B-89BD-0C02240DCA3D}.Release|Any CPU.Build.0 = Release|Any CPU
		{59759699-DFFB-4BB5-9DB5-19630B4B42BA}.Debug|Any CPU.ActiveCfg = Debug|Any CPU
		{59759699-DFFB-4BB5-9DB5-19630B4B42BA}.Debug|Any CPU.Build.0 = Debug|Any CPU
		{59759699-DFFB-4BB5-9DB5-19630B4B42BA}.Release|Any CPU.ActiveCfg = Release|Any CPU
		{59759699-DFFB-4BB5-9DB5-19630B4B42BA}.Release|Any CPU.Build.0 = Release|Any CPU
		{52CD2B81-8659-4006-96C3-360F54347D0E}.Debug|Any CPU.ActiveCfg = Debug|Any CPU
		{52CD2B81-8659-4006-96C3-360F54347D0E}.Debug|Any CPU.Build.0 = Debug|Any CPU
		{52CD2B81-8659-4006-96C3-360F54347D0E}.Release|Any CPU.ActiveCfg = Release|Any CPU
		{52CD2B81-8659-4006-96C3-360F54347D0E}.Release|Any CPU.Build.0 = Release|Any CPU
		{7996DAED-0D22-4A0D-AEC6-C530A50B2A2C}.Debug|Any CPU.ActiveCfg = Debug|Any CPU
		{7996DAED-0D22-4A0D-AEC6-C530A50B2A2C}.Debug|Any CPU.Build.0 = Debug|Any CPU
		{7996DAED-0D22-4A0D-AEC6-C530A50B2A2C}.Release|Any CPU.ActiveCfg = Release|Any CPU
		{7996DAED-0D22-4A0D-AEC6-C530A50B2A2C}.Release|Any CPU.Build.0 = Release|Any CPU
		{BC43FFA5-BDD5-4CFF-8BFD-CDFC1FE8F4E5}.Debug|Any CPU.ActiveCfg = Debug|Any CPU
		{BC43FFA5-BDD5-4CFF-8BFD-CDFC1FE8F4E5}.Debug|Any CPU.Build.0 = Debug|Any CPU
		{BC43FFA5-BDD5-4CFF-8BFD-CDFC1FE8F4E5}.Release|Any CPU.ActiveCfg = Release|Any CPU
		{BC43FFA5-BDD5-4CFF-8BFD-CDFC1FE8F4E5}.Release|Any CPU.Build.0 = Release|Any CPU
	EndGlobalSection
	GlobalSection(SolutionProperties) = preSolution
		HideSolutionNode = FALSE
	EndGlobalSection
	GlobalSection(ExtensibilityGlobals) = postSolution
		SolutionGuid = {AAF3FBD7-B16A-4AD6-8F8F-027A79C89728}
	EndGlobalSection
EndGlobal
