
Microsoft Visual Studio Solution File, Format Version 12.00
# Visual Studio Version 17
VisualStudioVersion = 17.0.31903.59
MinimumVisualStudioVersion = 10.0.40219.1
Project("{FAE04EC0-301F-11D3-BF4B-00C04F79EFBC}") = "CleanArchitecture.Domain", "CleanArchitecture.Domain\CleanArchitecture.Domain.csproj", "{623243CF-FA70-4922-93F2-E3B46E32F90C}"
EndProject
Project("{FAE04EC0-301F-11D3-BF4B-00C04F79EFBC}") = "CleanArchitecture.Application", "CleanArchitecture.Application\CleanArchitecture.Application.csproj", "{165C53D5-9724-4BE8-90F5-42E844F5E7D0}"
EndProject
Project("{FAE04EC0-301F-11D3-BF4B-00C04F79EFBC}") = "CleanArchitecture.Infrastructure", "CleanArchitecture.Infrastructure\CleanArchitecture.Infrastructure.csproj", "{EF6954E9-FD6A-47FA-9362-FC7E217F860C}"
EndProject
Project("{FAE04EC0-301F-11D3-BF4B-00C04F79EFBC}") = "CleanArchitecture.API", "CleanArchitecture.API\CleanArchitecture.API.csproj", "{DF402A8F-D260-4906-A90D-D23D96261DD4}"
EndProject
Global
	GlobalSection(SolutionConfigurationPlatforms) = preSolution
		Debug|Any CPU = Debug|Any CPU
		Release|Any CPU = Release|Any CPU
	EndGlobalSection
	GlobalSection(ProjectConfigurationPlatforms) = postSolution
		{623243CF-FA70-4922-93F2-E3B46E32F90C}.Debug|Any CPU.ActiveCfg = Debug|Any CPU
		{623243CF-FA70-4922-93F2-E3B46E32F90C}.Debug|Any CPU.Build.0 = Debug|Any CPU
		{623243CF-FA70-4922-93F2-E3B46E32F90C}.Release|Any CPU.ActiveCfg = Release|Any CPU
		{623243CF-FA70-4922-93F2-E3B46E32F90C}.Release|Any CPU.Build.0 = Release|Any CPU
		{165C53D5-9724-4BE8-90F5-42E844F5E7D0}.Debug|Any CPU.ActiveCfg = Debug|Any CPU
		{165C53D5-9724-4BE8-90F5-42E844F5E7D0}.Debug|Any CPU.Build.0 = Debug|Any CPU
		{165C53D5-9724-4BE8-90F5-42E844F5E7D0}.Release|Any CPU.ActiveCfg = Release|Any CPU
		{165C53D5-9724-4BE8-90F5-42E844F5E7D0}.Release|Any CPU.Build.0 = Release|Any CPU
		{EF6954E9-FD6A-47FA-9362-FC7E217F860C}.Debug|Any CPU.ActiveCfg = Debug|Any CPU
		{EF6954E9-FD6A-47FA-9362-FC7E217F860C}.Debug|Any CPU.Build.0 = Debug|Any CPU
		{EF6954E9-FD6A-47FA-9362-FC7E217F860C}.Release|Any CPU.ActiveCfg = Release|Any CPU
		{EF6954E9-FD6A-47FA-9362-FC7E217F860C}.Release|Any CPU.Build.0 = Release|Any CPU
		{DF402A8F-D260-4906-A90D-D23D96261DD4}.Debug|Any CPU.ActiveCfg = Debug|Any CPU
		{DF402A8F-D260-4906-A90D-D23D96261DD4}.Debug|Any CPU.Build.0 = Debug|Any CPU
		{DF402A8F-D260-4906-A90D-D23D96261DD4}.Release|Any CPU.ActiveCfg = Release|Any CPU
		{DF402A8F-D260-4906-A90D-D23D96261DD4}.Release|Any CPU.Build.0 = Release|Any CPU
	EndGlobalSection
	GlobalSection(SolutionProperties) = preSolution
		HideSolutionNode = FALSE
	EndGlobalSection
	GlobalSection(ExtensibilityGlobals) = postSolution
		SolutionGuid = {A18A1DA5-8CBD-41D0-BC12-11F857F0B299}
	EndGlobalSection
EndGlobal
